{
  "name": "udacity-javascript-tests",
  "version": "1.0.0",
  "lockfileVersion": 1,
  "requires": true,
  "dependencies": {
    "@types/jasmine": {
      "version": "2.8.8",
      "resolved": "https://registry.npmjs.org/@types/jasmine/-/jasmine-2.8.8.tgz",
      "integrity": "sha512-OJSUxLaxXsjjhob2DBzqzgrkLmukM3+JMpRp0r0E4HTdT1nwDCWhaswjYxazPij6uOdzHCJfNbDjmQ1/rnNbCg==",
      "dev": true
    },
    "@types/jquery": {
      "version": "3.3.4",
      "resolved": "https://registry.npmjs.org/@types/jquery/-/jquery-3.3.4.tgz",
      "integrity": "sha512-KqgLNDh8oTl43/2B78S7tjwPnOxPtP9wQsLptbuQCmMwqH5QuPZOk36RsNgbs3mnq/3SCyG1l/GJmhKk5Dg68g==",
      "dev": true
    }
  }
}
